
Microsoft Visual Studio Solution File, Format Version 12.00
# Visual Studio Version 16
VisualStudioVersion = 16.0.31424.327
MinimumVisualStudioVersion = 10.0.40219.1
Project("{FAE04EC0-301F-11D3-BF4B-00C04F79EFBC}") = "diario-digital.api", "diario-digital.api\diario-digital.api.csproj", "{DA335ED3-37B8-489B-9C59-D4CCB6A0AD61}"
EndProject
Global
	GlobalSection(SolutionConfigurationPlatforms) = preSolution
		Debug|Any CPU = Debug|Any CPU
		Release|Any CPU = Release|Any CPU
	EndGlobalSection
	GlobalSection(ProjectConfigurationPlatforms) = postSolution
		{DA335ED3-37B8-489B-9C59-D4CCB6A0AD61}.Debug|Any CPU.ActiveCfg = Debug|Any CPU
		{DA335ED3-37B8-489B-9C59-D4CCB6A0AD61}.Debug|Any CPU.Build.0 = Debug|Any CPU
		{DA335ED3-37B8-489B-9C59-D4CCB6A0AD61}.Release|Any CPU.ActiveCfg = Release|Any CPU
		{DA335ED3-37B8-489B-9C59-D4CCB6A0AD61}.Release|Any CPU.Build.0 = Release|Any CPU
	EndGlobalSection
	GlobalSection(SolutionProperties) = preSolution
		HideSolutionNode = FALSE
	EndGlobalSection
	GlobalSection(ExtensibilityGlobals) = postSolution
		SolutionGuid = {F945E0C2-5764-43CD-AE12-C06CD8C14FC0}
	EndGlobalSection
EndGlobal
