
Microsoft Visual Studio Solution File, Format Version 12.00
# Visual Studio Version 16
VisualStudioVersion = 16.0.31424.327
MinimumVisualStudioVersion = 10.0.40219.1
Project("{9A19103F-16F7-4668-BE54-9A1E7A4F7556}") = "diario-digital.api", "diario-digital.api\diario-digital.api.csproj", "{DA335ED3-37B8-489B-9C59-D4CCB6A0AD61}"
EndProject
Project("{FAE04EC0-301F-11D3-BF4B-00C04F79EFBC}") = "diario-digital.servicos", "diario-digital.servicos\diario-digital.servicos.csproj", "{ACAA3044-195C-4481-9823-CF0671B7B8E5}"
EndProject
Project("{FAE04EC0-301F-11D3-BF4B-00C04F79EFBC}") = "diario-digital.infraestrutura", "diario-digital.infraestrutura\diario-digital.infraestrutura.csproj", "{856B5C09-D409-4F50-AA5B-57FF541CE222}"
EndProject
Global
	GlobalSection(SolutionConfigurationPlatforms) = preSolution
		Debug|Any CPU = Debug|Any CPU
		Release|Any CPU = Release|Any CPU
	EndGlobalSection
	GlobalSection(ProjectConfigurationPlatforms) = postSolution
		{DA335ED3-37B8-489B-9C59-D4CCB6A0AD61}.Debug|Any CPU.ActiveCfg = Debug|Any CPU
		{DA335ED3-37B8-489B-9C59-D4CCB6A0AD61}.Debug|Any CPU.Build.0 = Debug|Any CPU
		{DA335ED3-37B8-489B-9C59-D4CCB6A0AD61}.Release|Any CPU.ActiveCfg = Release|Any CPU
		{DA335ED3-37B8-489B-9C59-D4CCB6A0AD61}.Release|Any CPU.Build.0 = Release|Any CPU
		{ACAA3044-195C-4481-9823-CF0671B7B8E5}.Debug|Any CPU.ActiveCfg = Debug|Any CPU
		{ACAA3044-195C-4481-9823-CF0671B7B8E5}.Debug|Any CPU.Build.0 = Debug|Any CPU
		{ACAA3044-195C-4481-9823-CF0671B7B8E5}.Release|Any CPU.ActiveCfg = Release|Any CPU
		{ACAA3044-195C-4481-9823-CF0671B7B8E5}.Release|Any CPU.Build.0 = Release|Any CPU
		{856B5C09-D409-4F50-AA5B-57FF541CE222}.Debug|Any CPU.ActiveCfg = Debug|Any CPU
		{856B5C09-D409-4F50-AA5B-57FF541CE222}.Debug|Any CPU.Build.0 = Debug|Any CPU
		{856B5C09-D409-4F50-AA5B-57FF541CE222}.Release|Any CPU.ActiveCfg = Release|Any CPU
		{856B5C09-D409-4F50-AA5B-57FF541CE222}.Release|Any CPU.Build.0 = Release|Any CPU
	EndGlobalSection
	GlobalSection(SolutionProperties) = preSolution
		HideSolutionNode = FALSE
	EndGlobalSection
	GlobalSection(ExtensibilityGlobals) = postSolution
		SolutionGuid = {F945E0C2-5764-43CD-AE12-C06CD8C14FC0}
	EndGlobalSection
EndGlobal
